// !$*UTF8*$!
{
	archiveVersion = 1;
	classes = {
	};
	objectVersion = 55;
	objects = {

/* Begin PBXBuildFile section */
		9060B34828FA312100243E37 /* AppDelegate.swift in Sources */ = {isa = PBXBuildFile; fileRef = 9060B34728FA312100243E37 /* AppDelegate.swift */; };
		9060B34A28FA312100243E37 /* SceneDelegate.swift in Sources */ = {isa = PBXBuildFile; fileRef = 9060B34928FA312100243E37 /* SceneDelegate.swift */; };
		9060B34C28FA312100243E37 /* Login.swift in Sources */ = {isa = PBXBuildFile; fileRef = 9060B34B28FA312100243E37 /* Login.swift */; };
		9060B34F28FA312100243E37 /* Main.storyboard in Resources */ = {isa = PBXBuildFile; fileRef = 9060B34D28FA312100243E37 /* Main.storyboard */; };
		9060B35128FA312400243E37 /* Assets.xcassets in Resources */ = {isa = PBXBuildFile; fileRef = 9060B35028FA312400243E37 /* Assets.xcassets */; };
		9060B35428FA312400243E37 /* LaunchScreen.storyboard in Resources */ = {isa = PBXBuildFile; fileRef = 9060B35228FA312400243E37 /* LaunchScreen.storyboard */; };
		90A9047728FB7C4300350632 /* Constants.swift in Sources */ = {isa = PBXBuildFile; fileRef = 90A9047628FB7C4300350632 /* Constants.swift */; };
		90A9047A28FB7DE000350632 /* FancyView.swift in Sources */ = {isa = PBXBuildFile; fileRef = 90A9047928FB7DE000350632 /* FancyView.swift */; };
		90A9047D28FB80CB00350632 /* RoundBtn.swift in Sources */ = {isa = PBXBuildFile; fileRef = 90A9047C28FB80CB00350632 /* RoundBtn.swift */; };
/* End PBXBuildFile section */

/* Begin PBXFileReference section */
		9060B34428FA312100243E37 /* RHHSSecure.app */ = {isa = PBXFileReference; explicitFileType = wrapper.application; includeInIndex = 0; path = RHHSSecure.app; sourceTree = BUILT_PRODUCTS_DIR; };
		9060B34728FA312100243E37 /* AppDelegate.swift */ = {isa = PBXFileReference; lastKnownFileType = sourcecode.swift; path = AppDelegate.swift; sourceTree = "<group>"; };
		9060B34928FA312100243E37 /* SceneDelegate.swift */ = {isa = PBXFileReference; lastKnownFileType = sourcecode.swift; path = SceneDelegate.swift; sourceTree = "<group>"; };
		9060B34B28FA312100243E37 /* Login.swift */ = {isa = PBXFileReference; lastKnownFileType = sourcecode.swift; path = Login.swift; sourceTree = "<group>"; };
		9060B34E28FA312100243E37 /* Base */ = {isa = PBXFileReference; lastKnownFileType = file.storyboard; name = Base; path = Base.lproj/Main.storyboard; sourceTree = "<group>"; };
		9060B35028FA312400243E37 /* Assets.xcassets */ = {isa = PBXFileReference; lastKnownFileType = folder.assetcatalog; path = Assets.xcassets; sourceTree = "<group>"; };
		9060B35328FA312400243E37 /* Base */ = {isa = PBXFileReference; lastKnownFileType = file.storyboard; name = Base; path = Base.lproj/LaunchScreen.storyboard; sourceTree = "<group>"; };
		9060B35528FA312400243E37 /* Info.plist */ = {isa = PBXFileReference; lastKnownFileType = text.plist.xml; path = Info.plist; sourceTree = "<group>"; };
		90A9047628FB7C4300350632 /* Constants.swift */ = {isa = PBXFileReference; lastKnownFileType = sourcecode.swift; path = Constants.swift; sourceTree = "<group>"; };
		90A9047928FB7DE000350632 /* FancyView.swift */ = {isa = PBXFileReference; lastKnownFileType = sourcecode.swift; path = FancyView.swift; sourceTree = "<group>"; };
		90A9047C28FB80CB00350632 /* RoundBtn.swift */ = {isa = PBXFileReference; lastKnownFileType = sourcecode.swift; path = RoundBtn.swift; sourceTree = "<group>"; };
/* End PBXFileReference section */

/* Begin PBXFrameworksBuildPhase section */
		9060B34128FA312100243E37 /* Frameworks */ = {
			isa = PBXFrameworksBuildPhase;
			buildActionMask = 2147483647;
			files = (
			);
			runOnlyForDeploymentPostprocessing = 0;
		};
/* End PBXFrameworksBuildPhase section */

/* Begin PBXGroup section */
		9060B33B28FA312100243E37 = {
			isa = PBXGroup;
			children = (
				9060B34628FA312100243E37 /* RHHSSecure */,
				9060B34528FA312100243E37 /* Products */,
			);
			sourceTree = "<group>";
		};
		9060B34528FA312100243E37 /* Products */ = {
			isa = PBXGroup;
			children = (
				9060B34428FA312100243E37 /* RHHSSecure.app */,
			);
			name = Products;
			sourceTree = "<group>";
		};
		9060B34628FA312100243E37 /* RHHSSecure */ = {
			isa = PBXGroup;
			children = (
				90A9047B28FB809A00350632 /* Model */,
				90A9047828FB7C9F00350632 /* View */,
				90A9047528FB7C1600350632 /* Util */,
				9060B35B28FA312E00243E37 /* Controller */,
				9060B34728FA312100243E37 /* AppDelegate.swift */,
				9060B34928FA312100243E37 /* SceneDelegate.swift */,
				9060B34D28FA312100243E37 /* Main.storyboard */,
				9060B35028FA312400243E37 /* Assets.xcassets */,
				9060B35228FA312400243E37 /* LaunchScreen.storyboard */,
				9060B35528FA312400243E37 /* Info.plist */,
			);
			path = RHHSSecure;
			sourceTree = "<group>";
		};
		9060B35B28FA312E00243E37 /* Controller */ = {
			isa = PBXGroup;
			children = (
				9060B34B28FA312100243E37 /* Login.swift */,
			);
			path = Controller;
			sourceTree = "<group>";
		};
		90A9047528FB7C1600350632 /* Util */ = {
			isa = PBXGroup;
			children = (
				90A9047628FB7C4300350632 /* Constants.swift */,
			);
			path = Util;
			sourceTree = "<group>";
		};
		90A9047828FB7C9F00350632 /* View */ = {
			isa = PBXGroup;
			children = (
				90A9047928FB7DE000350632 /* FancyView.swift */,
				90A9047C28FB80CB00350632 /* RoundBtn.swift */,
			);
			path = View;
			sourceTree = "<group>";
		};
		90A9047B28FB809A00350632 /* Model */ = {
			isa = PBXGroup;
			children = (
			);
			path = Model;
			sourceTree = "<group>";
		};
/* End PBXGroup section */

/* Begin PBXNativeTarget section */
		9060B34328FA312100243E37 /* RHHSSecure */ = {
			isa = PBXNativeTarget;
			buildConfigurationList = 9060B35828FA312400243E37 /* Build configuration list for PBXNativeTarget "RHHSSecure" */;
			buildPhases = (
				9060B34028FA312100243E37 /* Sources */,
				9060B34128FA312100243E37 /* Frameworks */,
				9060B34228FA312100243E37 /* Resources */,
			);
			buildRules = (
			);
			dependencies = (
			);
			name = RHHSSecure;
			productName = RHHSSecure;
			productReference = 9060B34428FA312100243E37 /* RHHSSecure.app */;
			productType = "com.apple.product-type.application";
		};
/* End PBXNativeTarget section */

/* Begin PBXProject section */
		9060B33C28FA312100243E37 /* Project object */ = {
			isa = PBXProject;
			attributes = {
				BuildIndependentTargetsInParallel = 1;
				LastSwiftUpdateCheck = 1340;
				LastUpgradeCheck = 1340;
				TargetAttributes = {
					9060B34328FA312100243E37 = {
						CreatedOnToolsVersion = 13.4.1;
					};
				};
			};
			buildConfigurationList = 9060B33F28FA312100243E37 /* Build configuration list for PBXProject "RHHSSecure" */;
			compatibilityVersion = "Xcode 13.0";
			developmentRegion = en;
			hasScannedForEncodings = 0;
			knownRegions = (
				en,
				Base,
			);
			mainGroup = 9060B33B28FA312100243E37;
			productRefGroup = 9060B34528FA312100243E37 /* Products */;
			projectDirPath = "";
			projectRoot = "";
			targets = (
				9060B34328FA312100243E37 /* RHHSSecure */,
			);
		};
/* End PBXProject section */

/* Begin PBXResourcesBuildPhase section */
		9060B34228FA312100243E37 /* Resources */ = {
			isa = PBXResourcesBuildPhase;
			buildActionMask = 2147483647;
			files = (
				9060B35428FA312400243E37 /* LaunchScreen.storyboard in Resources */,
				9060B35128FA312400243E37 /* Assets.xcassets in Resources */,
				9060B34F28FA312100243E37 /* Main.storyboard in Resources */,
			);
			runOnlyForDeploymentPostprocessing = 0;
		};
/* End PBXResourcesBuildPhase section */

/* Begin PBXSourcesBuildPhase section */
		9060B34028FA312100243E37 /* Sources */ = {
			isa = PBXSourcesBuildPhase;
			buildActionMask = 2147483647;
			files = (
				9060B34C28FA312100243E37 /* Login.swift in Sources */,
				90A9047A28FB7DE000350632 /* FancyView.swift in Sources */,
				9060B34828FA312100243E37 /* AppDelegate.swift in Sources */,
				90A9047D28FB80CB00350632 /* RoundBtn.swift in Sources */,
				9060B34A28FA312100243E37 /* SceneDelegate.swift in Sources */,
				90A9047728FB7C4300350632 /* Constants.swift in Sources */,
			);
			runOnlyForDeploymentPostprocessing = 0;
		};
/* End PBXSourcesBuildPhase section */

/* Begin PBXVariantGroup section */
		9060B34D28FA312100243E37 /* Main.storyboard */ = {
			isa = PBXVariantGroup;
			children = (
				9060B34E28FA312100243E37 /* Base */,
			);
			name = Main.storyboard;
			sourceTree = "<group>";
		};
		9060B35228FA312400243E37 /* LaunchScreen.storyboard */ = {
			isa = PBXVariantGroup;
			children = (
				9060B35328FA312400243E37 /* Base */,
			);
			name = LaunchScreen.storyboard;
			sourceTree = "<group>";
		};
/* End PBXVariantGroup section */

/* Begin XCBuildConfiguration section */
		9060B35628FA312400243E37 /* Debug */ = {
			isa = XCBuildConfiguration;
			buildSettings = {
				ALWAYS_SEARCH_USER_PATHS = NO;
				CLANG_ANALYZER_NONNULL = YES;
				CLANG_ANALYZER_NUMBER_OBJECT_CONVERSION = YES_AGGRESSIVE;
				CLANG_CXX_LANGUAGE_STANDARD = "gnu++17";
				CLANG_ENABLE_MODULES = YES;
				CLANG_ENABLE_OBJC_ARC = YES;
				CLANG_ENABLE_OBJC_WEAK = YES;
				CLANG_WARN_BLOCK_CAPTURE_AUTORELEASING = YES;
				CLANG_WARN_BOOL_CONVERSION = YES;
				CLANG_WARN_COMMA = YES;
				CLANG_WARN_CONSTANT_CONVERSION = YES;
				CLANG_WARN_DEPRECATED_OBJC_IMPLEMENTATIONS = YES;
				CLANG_WARN_DIRECT_OBJC_ISA_USAGE = YES_ERROR;
				CLANG_WARN_DOCUMENTATION_COMMENTS = YES;
				CLANG_WARN_EMPTY_BODY = YES;
				CLANG_WARN_ENUM_CONVERSION = YES;
				CLANG_WARN_INFINITE_RECURSION = YES;
				CLANG_WARN_INT_CONVERSION = YES;
				CLANG_WARN_NON_LITERAL_NULL_CONVERSION = YES;
				CLANG_WARN_OBJC_IMPLICIT_RETAIN_SELF = YES;
				CLANG_WARN_OBJC_LITERAL_CONVERSION = YES;
				CLANG_WARN_OBJC_ROOT_CLASS = YES_ERROR;
				CLANG_WARN_QUOTED_INCLUDE_IN_FRAMEWORK_HEADER = YES;
				CLANG_WARN_RANGE_LOOP_ANALYSIS = YES;
				CLANG_WARN_STRICT_PROTOTYPES = YES;
				CLANG_WARN_SUSPICIOUS_MOVE = YES;
				CLANG_WARN_UNGUARDED_AVAILABILITY = YES_AGGRESSIVE;
				CLANG_WARN_UNREACHABLE_CODE = YES;
				CLANG_WARN__DUPLICATE_METHOD_MATCH = YES;
				COPY_PHASE_STRIP = NO;
				DEBUG_INFORMATION_FORMAT = dwarf;
				ENABLE_STRICT_OBJC_MSGSEND = YES;
				ENABLE_TESTABILITY = YES;
				GCC_C_LANGUAGE_STANDARD = gnu11;
				GCC_DYNAMIC_NO_PIC = NO;
				GCC_NO_COMMON_BLOCKS = YES;
				GCC_OPTIMIZATION_LEVEL = 0;
				GCC_PREPROCESSOR_DEFINITIONS = (
					"DEBUG=1",
					"$(inherited)",
				);
				GCC_WARN_64_TO_32_BIT_CONVERSION = YES;
				GCC_WARN_ABOUT_RETURN_TYPE = YES_ERROR;
				GCC_WARN_UNDECLARED_SELECTOR = YES;
				GCC_WARN_UNINITIALIZED_AUTOS = YES_AGGRESSIVE;
				GCC_WARN_UNUSED_FUNCTION = YES;
				GCC_WARN_UNUSED_VARIABLE = YES;
				IPHONEOS_DEPLOYMENT_TARGET = 15.5;
				MTL_ENABLE_DEBUG_INFO = INCLUDE_SOURCE;
				MTL_FAST_MATH = YES;
				ONLY_ACTIVE_ARCH = YES;
				SDKROOT = iphoneos;
				SWIFT_ACTIVE_COMPILATION_CONDITIONS = DEBUG;
				SWIFT_OPTIMIZATION_LEVEL = "-Onone";
			};
			name = Debug;
		};
		9060B35728FA312400243E37 /* Release */ = {
			isa = XCBuildConfiguration;
			buildSettings = {
				ALWAYS_SEARCH_USER_PATHS = NO;
				CLANG_ANALYZER_NONNULL = YES;
				CLANG_ANALYZER_NUMBER_OBJECT_CONVERSION = YES_AGGRESSIVE;
				CLANG_CXX_LANGUAGE_STANDARD = "gnu++17";
				CLANG_ENABLE_MODULES = YES;
				CLANG_ENABLE_OBJC_ARC = YES;
				CLANG_ENABLE_OBJC_WEAK = YES;
				CLANG_WARN_BLOCK_CAPTURE_AUTORELEASING = YES;
				CLANG_WARN_BOOL_CONVERSION = YES;
				CLANG_WARN_COMMA = YES;
				CLANG_WARN_CONSTANT_CONVERSION = YES;
				CLANG_WARN_DEPRECATED_OBJC_IMPLEMENTATIONS = YES;
				CLANG_WARN_DIRECT_OBJC_ISA_USAGE = YES_ERROR;
				CLANG_WARN_DOCUMENTATION_COMMENTS = YES;
				CLANG_WARN_EMPTY_BODY = YES;
				CLANG_WARN_ENUM_CONVERSION = YES;
				CLANG_WARN_INFINITE_RECURSION = YES;
				CLANG_WARN_INT_CONVERSION = YES;
				CLANG_WARN_NON_LITERAL_NULL_CONVERSION = YES;
				CLANG_WARN_OBJC_IMPLICIT_RETAIN_SELF = YES;
				CLANG_WARN_OBJC_LITERAL_CONVERSION = YES;
				CLANG_WARN_OBJC_ROOT_CLASS = YES_ERROR;
				CLANG_WARN_QUOTED_INCLUDE_IN_FRAMEWORK_HEADER = YES;
				CLANG_WARN_RANGE_LOOP_ANALYSIS = YES;
				CLANG_WARN_STRICT_PROTOTYPES = YES;
				CLANG_WARN_SUSPICIOUS_MOVE = YES;
				CLANG_WARN_UNGUARDED_AVAILABILITY = YES_AGGRESSIVE;
				CLANG_WARN_UNREACHABLE_CODE = YES;
				CLANG_WARN__DUPLICATE_METHOD_MATCH = YES;
				COPY_PHASE_STRIP = NO;
				DEBUG_INFORMATION_FORMAT = "dwarf-with-dsym";
				ENABLE_NS_ASSERTIONS = NO;
				ENABLE_STRICT_OBJC_MSGSEND = YES;
				GCC_C_LANGUAGE_STANDARD = gnu11;
				GCC_NO_COMMON_BLOCKS = YES;
				GCC_WARN_64_TO_32_BIT_CONVERSION = YES;
				GCC_WARN_ABOUT_RETURN_TYPE = YES_ERROR;
				GCC_WARN_UNDECLARED_SELECTOR = YES;
				GCC_WARN_UNINITIALIZED_AUTOS = YES_AGGRESSIVE;
				GCC_WARN_UNUSED_FUNCTION = YES;
				GCC_WARN_UNUSED_VARIABLE = YES;
				IPHONEOS_DEPLOYMENT_TARGET = 15.5;
				MTL_ENABLE_DEBUG_INFO = NO;
				MTL_FAST_MATH = YES;
				SDKROOT = iphoneos;
				SWIFT_COMPILATION_MODE = wholemodule;
				SWIFT_OPTIMIZATION_LEVEL = "-O";
				VALIDATE_PRODUCT = YES;
			};
			name = Release;
		};
		9060B35928FA312400243E37 /* Debug */ = {
			isa = XCBuildConfiguration;
			buildSettings = {
				ASSETCATALOG_COMPILER_APPICON_NAME = AppIcon;
				ASSETCATALOG_COMPILER_GLOBAL_ACCENT_COLOR_NAME = AccentColor;
				CODE_SIGN_STYLE = Automatic;
				CURRENT_PROJECT_VERSION = 1;
				GENERATE_INFOPLIST_FILE = YES;
				INFOPLIST_FILE = RHHSSecure/Info.plist;
				INFOPLIST_KEY_UIApplicationSupportsIndirectInputEvents = YES;
				INFOPLIST_KEY_UILaunchStoryboardName = LaunchScreen;
				INFOPLIST_KEY_UIMainStoryboardFile = Main;
				INFOPLIST_KEY_UISupportedInterfaceOrientations_iPad = "UIInterfaceOrientationPortrait UIInterfaceOrientationPortraitUpsideDown UIInterfaceOrientationLandscapeLeft UIInterfaceOrientationLandscapeRight";
				INFOPLIST_KEY_UISupportedInterfaceOrientations_iPhone = "UIInterfaceOrientationPortrait UIInterfaceOrientationLandscapeLeft UIInterfaceOrientationLandscapeRight";
				LD_RUNPATH_SEARCH_PATHS = (
					"$(inherited)",
					"@executable_path/Frameworks",
				);
				MARKETING_VERSION = 1.0;
				PRODUCT_BUNDLE_IDENTIFIER = com.rhhs.Secure.RHHSSecure;
				PRODUCT_NAME = "$(TARGET_NAME)";
				SWIFT_EMIT_LOC_STRINGS = YES;
				SWIFT_VERSION = 5.0;
				TARGETED_DEVICE_FAMILY = "1,2";
			};
			name = Debug;
		};
		9060B35A28FA312400243E37 /* Release */ = {
			isa = XCBuildConfiguration;
			buildSettings = {
				ASSETCATALOG_COMPILER_APPICON_NAME = AppIcon;
				ASSETCATALOG_COMPILER_GLOBAL_ACCENT_COLOR_NAME = AccentColor;
				CODE_SIGN_STYLE = Automatic;
				CURRENT_PROJECT_VERSION = 1;
				GENERATE_INFOPLIST_FILE = YES;
				INFOPLIST_FILE = RHHSSecure/Info.plist;
				INFOPLIST_KEY_UIApplicationSupportsIndirectInputEvents = YES;
				INFOPLIST_KEY_UILaunchStoryboardName = LaunchScreen;
				INFOPLIST_KEY_UIMainStoryboardFile = Main;
				INFOPLIST_KEY_UISupportedInterfaceOrientations_iPad = "UIInterfaceOrientationPortrait UIInterfaceOrientationPortraitUpsideDown UIInterfaceOrientationLandscapeLeft UIInterfaceOrientationLandscapeRight";
				INFOPLIST_KEY_UISupportedInterfaceOrientations_iPhone = "UIInterfaceOrientationPortrait UIInterfaceOrientationLandscapeLeft UIInterfaceOrientationLandscapeRight";
				LD_RUNPATH_SEARCH_PATHS = (
					"$(inherited)",
					"@executable_path/Frameworks",
				);
				MARKETING_VERSION = 1.0;
				PRODUCT_BUNDLE_IDENTIFIER = com.rhhs.Secure.RHHSSecure;
				PRODUCT_NAME = "$(TARGET_NAME)";
				SWIFT_EMIT_LOC_STRINGS = YES;
				SWIFT_VERSION = 5.0;
				TARGETED_DEVICE_FAMILY = "1,2";
			};
			name = Release;
		};
/* End XCBuildConfiguration section */

/* Begin XCConfigurationList section */
		9060B33F28FA312100243E37 /* Build configuration list for PBXProject "RHHSSecure" */ = {
			isa = XCConfigurationList;
			buildConfigurations = (
				9060B35628FA312400243E37 /* Debug */,
				9060B35728FA312400243E37 /* Release */,
			);
			defaultConfigurationIsVisible = 0;
			defaultConfigurationName = Release;
		};
		9060B35828FA312400243E37 /* Build configuration list for PBXNativeTarget "RHHSSecure" */ = {
			isa = XCConfigurationList;
			buildConfigurations = (
				9060B35928FA312400243E37 /* Debug */,
				9060B35A28FA312400243E37 /* Release */,
			);
			defaultConfigurationIsVisible = 0;
			defaultConfigurationName = Release;
		};
/* End XCConfigurationList section */
	};
	rootObject = 9060B33C28FA312100243E37 /* Project object */;
}
